
Microsoft Visual Studio Solution File, Format Version 12.00
# Visual Studio 15
VisualStudioVersion = 15.0.27004.2006
MinimumVisualStudioVersion = 10.0.40219.1
Project("{9A19103F-16F7-4668-BE54-9A1E7A4F7556}") = "CommunicationSubsystem", "CommunicationSubsystem\CommunicationSubsystem.csproj", "{2460E5F2-2673-4E6E-ACF9-3C6BEBCDE060}"
EndProject
Project("{FAE04EC0-301F-11D3-BF4B-00C04F79EFBC}") = "CommunicationSubsystem-Test", "CommunicationSubsystem-Test\CommunicationSubsystem-Test.csproj", "{D4E26C57-C01C-4788-9714-2C6224E3AD3D}"
EndProject
Project("{9A19103F-16F7-4668-BE54-9A1E7A4F7556}") = "Messages", "Messages\Messages.csproj", "{CAE99195-E7F6-409E-A0C7-C03BD5EB7DFC}"
EndProject
Project("{FAE04EC0-301F-11D3-BF4B-00C04F79EFBC}") = "PaletteAdminClient", "PaletteAdminClient\PaletteAdminClient.csproj", "{8851D192-EBDD-4475-82D5-D40F18F0B456}"
EndProject
Project("{FAE04EC0-301F-11D3-BF4B-00C04F79EFBC}") = "MessageTest", "MessageTest\MessageTest.csproj", "{C0A158FC-EACE-49D6-BDEC-052E22054C72}"
EndProject
Project("{FAE04EC0-301F-11D3-BF4B-00C04F79EFBC}") = "CanvasManagerAppLayer", "CanvasManagerAppLayer\CanvasManagerAppLayer.csproj", "{9C762A25-D32E-47CD-A0EF-C5685428C3B0}"
EndProject
Project("{FAE04EC0-301F-11D3-BF4B-00C04F79EFBC}") = "CanvasManager", "CanvasManager\CanvasManager.csproj", "{BA3230A1-1C22-422E-8C52-1B96BC3FDE53}"
EndProject
Project("{9A19103F-16F7-4668-BE54-9A1E7A4F7556}") = "AdminClientAppLayer", "AdminClientAppLayer\AdminClientAppLayer.csproj", "{523CAAA1-E4A1-4BDE-A0B1-62D7B277112C}"
EndProject
Project("{9A19103F-16F7-4668-BE54-9A1E7A4F7556}") = "CanvasStorageManager", "CanvasStorageManager\CanvasStorageManager.csproj", "{D25E3D29-77A6-4CD2-A75A-4AC0FA0541BC}"
EndProject
Project("{9A19103F-16F7-4668-BE54-9A1E7A4F7556}") = "SharedAppLayer", "SharedAppLayer\SharedAppLayer.csproj", "{A91EAD19-693A-4099-B565-7284F2FE3122}"
EndProject
Project("{FAE04EC0-301F-11D3-BF4B-00C04F79EFBC}") = "CanvasStorageManager-Test", "CanvasStorageManager-Test\CanvasStorageManager-Test.csproj", "{0E7122A6-E411-451E-A7DA-B400FE24B822}"
EndProject
Global
	GlobalSection(SolutionConfigurationPlatforms) = preSolution
		Debug|Any CPU = Debug|Any CPU
		Debug|ARM = Debug|ARM
		Debug|x64 = Debug|x64
		Debug|x86 = Debug|x86
		Release|Any CPU = Release|Any CPU
		Release|ARM = Release|ARM
		Release|x64 = Release|x64
		Release|x86 = Release|x86
	EndGlobalSection
	GlobalSection(ProjectConfigurationPlatforms) = postSolution
		{2460E5F2-2673-4E6E-ACF9-3C6BEBCDE060}.Debug|Any CPU.ActiveCfg = Debug|Any CPU
		{2460E5F2-2673-4E6E-ACF9-3C6BEBCDE060}.Debug|Any CPU.Build.0 = Debug|Any CPU
		{2460E5F2-2673-4E6E-ACF9-3C6BEBCDE060}.Debug|ARM.ActiveCfg = Debug|Any CPU
		{2460E5F2-2673-4E6E-ACF9-3C6BEBCDE060}.Debug|ARM.Build.0 = Debug|Any CPU
		{2460E5F2-2673-4E6E-ACF9-3C6BEBCDE060}.Debug|x64.ActiveCfg = Debug|Any CPU
		{2460E5F2-2673-4E6E-ACF9-3C6BEBCDE060}.Debug|x64.Build.0 = Debug|Any CPU
		{2460E5F2-2673-4E6E-ACF9-3C6BEBCDE060}.Debug|x86.ActiveCfg = Debug|Any CPU
		{2460E5F2-2673-4E6E-ACF9-3C6BEBCDE060}.Debug|x86.Build.0 = Debug|Any CPU
		{2460E5F2-2673-4E6E-ACF9-3C6BEBCDE060}.Release|Any CPU.ActiveCfg = Release|Any CPU
		{2460E5F2-2673-4E6E-ACF9-3C6BEBCDE060}.Release|Any CPU.Build.0 = Release|Any CPU
		{2460E5F2-2673-4E6E-ACF9-3C6BEBCDE060}.Release|ARM.ActiveCfg = Release|Any CPU
		{2460E5F2-2673-4E6E-ACF9-3C6BEBCDE060}.Release|ARM.Build.0 = Release|Any CPU
		{2460E5F2-2673-4E6E-ACF9-3C6BEBCDE060}.Release|x64.ActiveCfg = Release|Any CPU
		{2460E5F2-2673-4E6E-ACF9-3C6BEBCDE060}.Release|x64.Build.0 = Release|Any CPU
		{2460E5F2-2673-4E6E-ACF9-3C6BEBCDE060}.Release|x86.ActiveCfg = Release|Any CPU
		{2460E5F2-2673-4E6E-ACF9-3C6BEBCDE060}.Release|x86.Build.0 = Release|Any CPU
		{D4E26C57-C01C-4788-9714-2C6224E3AD3D}.Debug|Any CPU.ActiveCfg = Debug|Any CPU
		{D4E26C57-C01C-4788-9714-2C6224E3AD3D}.Debug|Any CPU.Build.0 = Debug|Any CPU
		{D4E26C57-C01C-4788-9714-2C6224E3AD3D}.Debug|ARM.ActiveCfg = Debug|Any CPU
		{D4E26C57-C01C-4788-9714-2C6224E3AD3D}.Debug|ARM.Build.0 = Debug|Any CPU
		{D4E26C57-C01C-4788-9714-2C6224E3AD3D}.Debug|x64.ActiveCfg = Debug|Any CPU
		{D4E26C57-C01C-4788-9714-2C6224E3AD3D}.Debug|x64.Build.0 = Debug|Any CPU
		{D4E26C57-C01C-4788-9714-2C6224E3AD3D}.Debug|x86.ActiveCfg = Debug|Any CPU
		{D4E26C57-C01C-4788-9714-2C6224E3AD3D}.Debug|x86.Build.0 = Debug|Any CPU
		{D4E26C57-C01C-4788-9714-2C6224E3AD3D}.Release|Any CPU.ActiveCfg = Release|Any CPU
		{D4E26C57-C01C-4788-9714-2C6224E3AD3D}.Release|Any CPU.Build.0 = Release|Any CPU
		{D4E26C57-C01C-4788-9714-2C6224E3AD3D}.Release|ARM.ActiveCfg = Release|Any CPU
		{D4E26C57-C01C-4788-9714-2C6224E3AD3D}.Release|ARM.Build.0 = Release|Any CPU
		{D4E26C57-C01C-4788-9714-2C6224E3AD3D}.Release|x64.ActiveCfg = Release|Any CPU
		{D4E26C57-C01C-4788-9714-2C6224E3AD3D}.Release|x64.Build.0 = Release|Any CPU
		{D4E26C57-C01C-4788-9714-2C6224E3AD3D}.Release|x86.ActiveCfg = Release|Any CPU
		{D4E26C57-C01C-4788-9714-2C6224E3AD3D}.Release|x86.Build.0 = Release|Any CPU
		{CAE99195-E7F6-409E-A0C7-C03BD5EB7DFC}.Debug|Any CPU.ActiveCfg = Debug|Any CPU
		{CAE99195-E7F6-409E-A0C7-C03BD5EB7DFC}.Debug|Any CPU.Build.0 = Debug|Any CPU
		{CAE99195-E7F6-409E-A0C7-C03BD5EB7DFC}.Debug|ARM.ActiveCfg = Debug|Any CPU
		{CAE99195-E7F6-409E-A0C7-C03BD5EB7DFC}.Debug|ARM.Build.0 = Debug|Any CPU
		{CAE99195-E7F6-409E-A0C7-C03BD5EB7DFC}.Debug|x64.ActiveCfg = Debug|Any CPU
		{CAE99195-E7F6-409E-A0C7-C03BD5EB7DFC}.Debug|x64.Build.0 = Debug|Any CPU
		{CAE99195-E7F6-409E-A0C7-C03BD5EB7DFC}.Debug|x86.ActiveCfg = Debug|Any CPU
		{CAE99195-E7F6-409E-A0C7-C03BD5EB7DFC}.Debug|x86.Build.0 = Debug|Any CPU
		{CAE99195-E7F6-409E-A0C7-C03BD5EB7DFC}.Release|Any CPU.ActiveCfg = Release|Any CPU
		{CAE99195-E7F6-409E-A0C7-C03BD5EB7DFC}.Release|Any CPU.Build.0 = Release|Any CPU
		{CAE99195-E7F6-409E-A0C7-C03BD5EB7DFC}.Release|ARM.ActiveCfg = Release|Any CPU
		{CAE99195-E7F6-409E-A0C7-C03BD5EB7DFC}.Release|ARM.Build.0 = Release|Any CPU
		{CAE99195-E7F6-409E-A0C7-C03BD5EB7DFC}.Release|x64.ActiveCfg = Release|Any CPU
		{CAE99195-E7F6-409E-A0C7-C03BD5EB7DFC}.Release|x64.Build.0 = Release|Any CPU
		{CAE99195-E7F6-409E-A0C7-C03BD5EB7DFC}.Release|x86.ActiveCfg = Release|Any CPU
		{CAE99195-E7F6-409E-A0C7-C03BD5EB7DFC}.Release|x86.Build.0 = Release|Any CPU
		{8851D192-EBDD-4475-82D5-D40F18F0B456}.Debug|Any CPU.ActiveCfg = Debug|Any CPU
		{8851D192-EBDD-4475-82D5-D40F18F0B456}.Debug|Any CPU.Build.0 = Debug|Any CPU
		{8851D192-EBDD-4475-82D5-D40F18F0B456}.Debug|ARM.ActiveCfg = Debug|Any CPU
		{8851D192-EBDD-4475-82D5-D40F18F0B456}.Debug|ARM.Build.0 = Debug|Any CPU
		{8851D192-EBDD-4475-82D5-D40F18F0B456}.Debug|x64.ActiveCfg = Debug|Any CPU
		{8851D192-EBDD-4475-82D5-D40F18F0B456}.Debug|x64.Build.0 = Debug|Any CPU
		{8851D192-EBDD-4475-82D5-D40F18F0B456}.Debug|x86.ActiveCfg = Debug|Any CPU
		{8851D192-EBDD-4475-82D5-D40F18F0B456}.Debug|x86.Build.0 = Debug|Any CPU
		{8851D192-EBDD-4475-82D5-D40F18F0B456}.Release|Any CPU.ActiveCfg = Release|Any CPU
		{8851D192-EBDD-4475-82D5-D40F18F0B456}.Release|Any CPU.Build.0 = Release|Any CPU
		{8851D192-EBDD-4475-82D5-D40F18F0B456}.Release|ARM.ActiveCfg = Release|Any CPU
		{8851D192-EBDD-4475-82D5-D40F18F0B456}.Release|ARM.Build.0 = Release|Any CPU
		{8851D192-EBDD-4475-82D5-D40F18F0B456}.Release|x64.ActiveCfg = Release|Any CPU
		{8851D192-EBDD-4475-82D5-D40F18F0B456}.Release|x64.Build.0 = Release|Any CPU
		{8851D192-EBDD-4475-82D5-D40F18F0B456}.Release|x86.ActiveCfg = Release|Any CPU
		{8851D192-EBDD-4475-82D5-D40F18F0B456}.Release|x86.Build.0 = Release|Any CPU
		{C0A158FC-EACE-49D6-BDEC-052E22054C72}.Debug|Any CPU.ActiveCfg = Debug|Any CPU
		{C0A158FC-EACE-49D6-BDEC-052E22054C72}.Debug|Any CPU.Build.0 = Debug|Any CPU
		{C0A158FC-EACE-49D6-BDEC-052E22054C72}.Debug|ARM.ActiveCfg = Debug|Any CPU
		{C0A158FC-EACE-49D6-BDEC-052E22054C72}.Debug|ARM.Build.0 = Debug|Any CPU
		{C0A158FC-EACE-49D6-BDEC-052E22054C72}.Debug|x64.ActiveCfg = Debug|Any CPU
		{C0A158FC-EACE-49D6-BDEC-052E22054C72}.Debug|x64.Build.0 = Debug|Any CPU
		{C0A158FC-EACE-49D6-BDEC-052E22054C72}.Debug|x86.ActiveCfg = Debug|Any CPU
		{C0A158FC-EACE-49D6-BDEC-052E22054C72}.Debug|x86.Build.0 = Debug|Any CPU
		{C0A158FC-EACE-49D6-BDEC-052E22054C72}.Release|Any CPU.ActiveCfg = Release|Any CPU
		{C0A158FC-EACE-49D6-BDEC-052E22054C72}.Release|Any CPU.Build.0 = Release|Any CPU
		{C0A158FC-EACE-49D6-BDEC-052E22054C72}.Release|ARM.ActiveCfg = Release|Any CPU
		{C0A158FC-EACE-49D6-BDEC-052E22054C72}.Release|ARM.Build.0 = Release|Any CPU
		{C0A158FC-EACE-49D6-BDEC-052E22054C72}.Release|x64.ActiveCfg = Release|Any CPU
		{C0A158FC-EACE-49D6-BDEC-052E22054C72}.Release|x64.Build.0 = Release|Any CPU
		{C0A158FC-EACE-49D6-BDEC-052E22054C72}.Release|x86.ActiveCfg = Release|Any CPU
		{C0A158FC-EACE-49D6-BDEC-052E22054C72}.Release|x86.Build.0 = Release|Any CPU
		{9C762A25-D32E-47CD-A0EF-C5685428C3B0}.Debug|Any CPU.ActiveCfg = Debug|Any CPU
		{9C762A25-D32E-47CD-A0EF-C5685428C3B0}.Debug|Any CPU.Build.0 = Debug|Any CPU
		{9C762A25-D32E-47CD-A0EF-C5685428C3B0}.Debug|ARM.ActiveCfg = Debug|Any CPU
		{9C762A25-D32E-47CD-A0EF-C5685428C3B0}.Debug|ARM.Build.0 = Debug|Any CPU
		{9C762A25-D32E-47CD-A0EF-C5685428C3B0}.Debug|x64.ActiveCfg = Debug|Any CPU
		{9C762A25-D32E-47CD-A0EF-C5685428C3B0}.Debug|x64.Build.0 = Debug|Any CPU
		{9C762A25-D32E-47CD-A0EF-C5685428C3B0}.Debug|x86.ActiveCfg = Debug|Any CPU
		{9C762A25-D32E-47CD-A0EF-C5685428C3B0}.Debug|x86.Build.0 = Debug|Any CPU
		{9C762A25-D32E-47CD-A0EF-C5685428C3B0}.Release|Any CPU.ActiveCfg = Release|Any CPU
		{9C762A25-D32E-47CD-A0EF-C5685428C3B0}.Release|Any CPU.Build.0 = Release|Any CPU
		{9C762A25-D32E-47CD-A0EF-C5685428C3B0}.Release|ARM.ActiveCfg = Release|Any CPU
		{9C762A25-D32E-47CD-A0EF-C5685428C3B0}.Release|ARM.Build.0 = Release|Any CPU
		{9C762A25-D32E-47CD-A0EF-C5685428C3B0}.Release|x64.ActiveCfg = Release|Any CPU
		{9C762A25-D32E-47CD-A0EF-C5685428C3B0}.Release|x64.Build.0 = Release|Any CPU
		{9C762A25-D32E-47CD-A0EF-C5685428C3B0}.Release|x86.ActiveCfg = Release|Any CPU
		{9C762A25-D32E-47CD-A0EF-C5685428C3B0}.Release|x86.Build.0 = Release|Any CPU
		{BA3230A1-1C22-422E-8C52-1B96BC3FDE53}.Debug|Any CPU.ActiveCfg = Debug|Any CPU
		{BA3230A1-1C22-422E-8C52-1B96BC3FDE53}.Debug|Any CPU.Build.0 = Debug|Any CPU
		{BA3230A1-1C22-422E-8C52-1B96BC3FDE53}.Debug|ARM.ActiveCfg = Debug|Any CPU
		{BA3230A1-1C22-422E-8C52-1B96BC3FDE53}.Debug|ARM.Build.0 = Debug|Any CPU
		{BA3230A1-1C22-422E-8C52-1B96BC3FDE53}.Debug|x64.ActiveCfg = Debug|Any CPU
		{BA3230A1-1C22-422E-8C52-1B96BC3FDE53}.Debug|x64.Build.0 = Debug|Any CPU
		{BA3230A1-1C22-422E-8C52-1B96BC3FDE53}.Debug|x86.ActiveCfg = Debug|Any CPU
		{BA3230A1-1C22-422E-8C52-1B96BC3FDE53}.Debug|x86.Build.0 = Debug|Any CPU
		{BA3230A1-1C22-422E-8C52-1B96BC3FDE53}.Release|Any CPU.ActiveCfg = Release|Any CPU
		{BA3230A1-1C22-422E-8C52-1B96BC3FDE53}.Release|Any CPU.Build.0 = Release|Any CPU
		{BA3230A1-1C22-422E-8C52-1B96BC3FDE53}.Release|ARM.ActiveCfg = Release|Any CPU
		{BA3230A1-1C22-422E-8C52-1B96BC3FDE53}.Release|ARM.Build.0 = Release|Any CPU
		{BA3230A1-1C22-422E-8C52-1B96BC3FDE53}.Release|x64.ActiveCfg = Release|Any CPU
		{BA3230A1-1C22-422E-8C52-1B96BC3FDE53}.Release|x64.Build.0 = Release|Any CPU
		{BA3230A1-1C22-422E-8C52-1B96BC3FDE53}.Release|x86.ActiveCfg = Release|Any CPU
		{BA3230A1-1C22-422E-8C52-1B96BC3FDE53}.Release|x86.Build.0 = Release|Any CPU
		{523CAAA1-E4A1-4BDE-A0B1-62D7B277112C}.Debug|Any CPU.ActiveCfg = Debug|Any CPU
		{523CAAA1-E4A1-4BDE-A0B1-62D7B277112C}.Debug|Any CPU.Build.0 = Debug|Any CPU
		{523CAAA1-E4A1-4BDE-A0B1-62D7B277112C}.Debug|ARM.ActiveCfg = Debug|Any CPU
		{523CAAA1-E4A1-4BDE-A0B1-62D7B277112C}.Debug|ARM.Build.0 = Debug|Any CPU
		{523CAAA1-E4A1-4BDE-A0B1-62D7B277112C}.Debug|x64.ActiveCfg = Debug|Any CPU
		{523CAAA1-E4A1-4BDE-A0B1-62D7B277112C}.Debug|x64.Build.0 = Debug|Any CPU
		{523CAAA1-E4A1-4BDE-A0B1-62D7B277112C}.Debug|x86.ActiveCfg = Debug|Any CPU
		{523CAAA1-E4A1-4BDE-A0B1-62D7B277112C}.Debug|x86.Build.0 = Debug|Any CPU
		{523CAAA1-E4A1-4BDE-A0B1-62D7B277112C}.Release|Any CPU.ActiveCfg = Release|Any CPU
		{523CAAA1-E4A1-4BDE-A0B1-62D7B277112C}.Release|Any CPU.Build.0 = Release|Any CPU
		{523CAAA1-E4A1-4BDE-A0B1-62D7B277112C}.Release|ARM.ActiveCfg = Release|Any CPU
		{523CAAA1-E4A1-4BDE-A0B1-62D7B277112C}.Release|ARM.Build.0 = Release|Any CPU
		{523CAAA1-E4A1-4BDE-A0B1-62D7B277112C}.Release|x64.ActiveCfg = Release|Any CPU
		{523CAAA1-E4A1-4BDE-A0B1-62D7B277112C}.Release|x64.Build.0 = Release|Any CPU
		{523CAAA1-E4A1-4BDE-A0B1-62D7B277112C}.Release|x86.ActiveCfg = Release|Any CPU
		{523CAAA1-E4A1-4BDE-A0B1-62D7B277112C}.Release|x86.Build.0 = Release|Any CPU
		{D25E3D29-77A6-4CD2-A75A-4AC0FA0541BC}.Debug|Any CPU.ActiveCfg = Debug|Any CPU
		{D25E3D29-77A6-4CD2-A75A-4AC0FA0541BC}.Debug|Any CPU.Build.0 = Debug|Any CPU
		{D25E3D29-77A6-4CD2-A75A-4AC0FA0541BC}.Debug|ARM.ActiveCfg = Debug|Any CPU
		{D25E3D29-77A6-4CD2-A75A-4AC0FA0541BC}.Debug|ARM.Build.0 = Debug|Any CPU
		{D25E3D29-77A6-4CD2-A75A-4AC0FA0541BC}.Debug|x64.ActiveCfg = Debug|Any CPU
		{D25E3D29-77A6-4CD2-A75A-4AC0FA0541BC}.Debug|x64.Build.0 = Debug|Any CPU
		{D25E3D29-77A6-4CD2-A75A-4AC0FA0541BC}.Debug|x86.ActiveCfg = Debug|Any CPU
		{D25E3D29-77A6-4CD2-A75A-4AC0FA0541BC}.Debug|x86.Build.0 = Debug|Any CPU
		{D25E3D29-77A6-4CD2-A75A-4AC0FA0541BC}.Release|Any CPU.ActiveCfg = Release|Any CPU
		{D25E3D29-77A6-4CD2-A75A-4AC0FA0541BC}.Release|Any CPU.Build.0 = Release|Any CPU
		{D25E3D29-77A6-4CD2-A75A-4AC0FA0541BC}.Release|ARM.ActiveCfg = Release|Any CPU
		{D25E3D29-77A6-4CD2-A75A-4AC0FA0541BC}.Release|ARM.Build.0 = Release|Any CPU
		{D25E3D29-77A6-4CD2-A75A-4AC0FA0541BC}.Release|x64.ActiveCfg = Release|Any CPU
		{D25E3D29-77A6-4CD2-A75A-4AC0FA0541BC}.Release|x64.Build.0 = Release|Any CPU
		{D25E3D29-77A6-4CD2-A75A-4AC0FA0541BC}.Release|x86.ActiveCfg = Release|Any CPU
		{D25E3D29-77A6-4CD2-A75A-4AC0FA0541BC}.Release|x86.Build.0 = Release|Any CPU
		{A91EAD19-693A-4099-B565-7284F2FE3122}.Debug|Any CPU.ActiveCfg = Debug|Any CPU
		{A91EAD19-693A-4099-B565-7284F2FE3122}.Debug|Any CPU.Build.0 = Debug|Any CPU
		{A91EAD19-693A-4099-B565-7284F2FE3122}.Debug|ARM.ActiveCfg = Debug|Any CPU
		{A91EAD19-693A-4099-B565-7284F2FE3122}.Debug|ARM.Build.0 = Debug|Any CPU
		{A91EAD19-693A-4099-B565-7284F2FE3122}.Debug|x64.ActiveCfg = Debug|Any CPU
		{A91EAD19-693A-4099-B565-7284F2FE3122}.Debug|x64.Build.0 = Debug|Any CPU
		{A91EAD19-693A-4099-B565-7284F2FE3122}.Debug|x86.ActiveCfg = Debug|Any CPU
		{A91EAD19-693A-4099-B565-7284F2FE3122}.Debug|x86.Build.0 = Debug|Any CPU
		{A91EAD19-693A-4099-B565-7284F2FE3122}.Release|Any CPU.ActiveCfg = Release|Any CPU
		{A91EAD19-693A-4099-B565-7284F2FE3122}.Release|Any CPU.Build.0 = Release|Any CPU
		{A91EAD19-693A-4099-B565-7284F2FE3122}.Release|ARM.ActiveCfg = Release|Any CPU
		{A91EAD19-693A-4099-B565-7284F2FE3122}.Release|ARM.Build.0 = Release|Any CPU
		{A91EAD19-693A-4099-B565-7284F2FE3122}.Release|x64.ActiveCfg = Release|Any CPU
		{A91EAD19-693A-4099-B565-7284F2FE3122}.Release|x64.Build.0 = Release|Any CPU
		{A91EAD19-693A-4099-B565-7284F2FE3122}.Release|x86.ActiveCfg = Release|Any CPU
		{A91EAD19-693A-4099-B565-7284F2FE3122}.Release|x86.Build.0 = Release|Any CPU
		{0E7122A6-E411-451E-A7DA-B400FE24B822}.Debug|Any CPU.ActiveCfg = Debug|Any CPU
		{0E7122A6-E411-451E-A7DA-B400FE24B822}.Debug|Any CPU.Build.0 = Debug|Any CPU
		{0E7122A6-E411-451E-A7DA-B400FE24B822}.Debug|ARM.ActiveCfg = Debug|Any CPU
		{0E7122A6-E411-451E-A7DA-B400FE24B822}.Debug|ARM.Build.0 = Debug|Any CPU
		{0E7122A6-E411-451E-A7DA-B400FE24B822}.Debug|x64.ActiveCfg = Debug|Any CPU
		{0E7122A6-E411-451E-A7DA-B400FE24B822}.Debug|x64.Build.0 = Debug|Any CPU
		{0E7122A6-E411-451E-A7DA-B400FE24B822}.Debug|x86.ActiveCfg = Debug|Any CPU
		{0E7122A6-E411-451E-A7DA-B400FE24B822}.Debug|x86.Build.0 = Debug|Any CPU
		{0E7122A6-E411-451E-A7DA-B400FE24B822}.Release|Any CPU.ActiveCfg = Release|Any CPU
		{0E7122A6-E411-451E-A7DA-B400FE24B822}.Release|Any CPU.Build.0 = Release|Any CPU
		{0E7122A6-E411-451E-A7DA-B400FE24B822}.Release|ARM.ActiveCfg = Release|Any CPU
		{0E7122A6-E411-451E-A7DA-B400FE24B822}.Release|ARM.Build.0 = Release|Any CPU
		{0E7122A6-E411-451E-A7DA-B400FE24B822}.Release|x64.ActiveCfg = Release|Any CPU
		{0E7122A6-E411-451E-A7DA-B400FE24B822}.Release|x64.Build.0 = Release|Any CPU
		{0E7122A6-E411-451E-A7DA-B400FE24B822}.Release|x86.ActiveCfg = Release|Any CPU
		{0E7122A6-E411-451E-A7DA-B400FE24B822}.Release|x86.Build.0 = Release|Any CPU
	EndGlobalSection
	GlobalSection(SolutionProperties) = preSolution
		HideSolutionNode = FALSE
	EndGlobalSection
	GlobalSection(ExtensibilityGlobals) = postSolution
		SolutionGuid = {D5FA35E8-4709-49F6-B8E7-B88B146DEBDF}
	EndGlobalSection
EndGlobal
